
Microsoft Visual Studio Solution File, Format Version 12.00
# Visual Studio Version 17
VisualStudioVersion = 17.10.35004.147
MinimumVisualStudioVersion = 10.0.40219.1
Project("{FAE04EC0-301F-11D3-BF4B-00C04F79EFBC}") = "Controle_Financeiro_Pessoal", "Controle_Financeiro_Pessoal.csproj", "{B93F6BBC-77E8-4048-BC22-7DF0B5ECFCEE}"
EndProject
Global
	GlobalSection(SolutionConfigurationPlatforms) = preSolution
		Debug|Any CPU = Debug|Any CPU
		Release|Any CPU = Release|Any CPU
	EndGlobalSection
	GlobalSection(ProjectConfigurationPlatforms) = postSolution
		{B93F6BBC-77E8-4048-BC22-7DF0B5ECFCEE}.Debug|Any CPU.ActiveCfg = Debug|Any CPU
		{B93F6BBC-77E8-4048-BC22-7DF0B5ECFCEE}.Debug|Any CPU.Build.0 = Debug|Any CPU
		{B93F6BBC-77E8-4048-BC22-7DF0B5ECFCEE}.Release|Any CPU.ActiveCfg = Release|Any CPU
		{B93F6BBC-77E8-4048-BC22-7DF0B5ECFCEE}.Release|Any CPU.Build.0 = Release|Any CPU
	EndGlobalSection
	GlobalSection(SolutionProperties) = preSolution
		HideSolutionNode = FALSE
	EndGlobalSection
	GlobalSection(ExtensibilityGlobals) = postSolution
		SolutionGuid = {553607F1-FC80-42F8-A70E-A07E92BB4845}
	EndGlobalSection
EndGlobal
